// !$*UTF8*$!
{
	archiveVersion = 1;
	classes = {
	};
	objectVersion = 56;
	objects = {

/* Begin PBXBuildFile section */
		FE15A6712987F46E00F6920B /* AppDelegate.swift in Sources */ = {isa = PBXBuildFile; fileRef = FE15A6702987F46E00F6920B /* AppDelegate.swift */; };
		FE15A6732987F46E00F6920B /* SceneDelegate.swift in Sources */ = {isa = PBXBuildFile; fileRef = FE15A6722987F46E00F6920B /* SceneDelegate.swift */; };
		FE15A6752987F46E00F6920B /* ViewController.swift in Sources */ = {isa = PBXBuildFile; fileRef = FE15A6742987F46E00F6920B /* ViewController.swift */; };
		FE15A6782987F46E00F6920B /* Main.storyboard in Resources */ = {isa = PBXBuildFile; fileRef = FE15A6762987F46E00F6920B /* Main.storyboard */; };
		FE15A67B2987F46E00F6920B /* Calculator_Swift.xcdatamodeld in Sources */ = {isa = PBXBuildFile; fileRef = FE15A6792987F46E00F6920B /* Calculator_Swift.xcdatamodeld */; };
		FE15A67D2987F46F00F6920B /* Assets.xcassets in Resources */ = {isa = PBXBuildFile; fileRef = FE15A67C2987F46F00F6920B /* Assets.xcassets */; };
		FE15A6802987F46F00F6920B /* LaunchScreen.storyboard in Resources */ = {isa = PBXBuildFile; fileRef = FE15A67E2987F46F00F6920B /* LaunchScreen.storyboard */; };
/* End PBXBuildFile section */

/* Begin PBXFileReference section */
		FE15A66D2987F46E00F6920B /* Calculator Swift.app */ = {isa = PBXFileReference; explicitFileType = wrapper.application; includeInIndex = 0; path = "Calculator Swift.app"; sourceTree = BUILT_PRODUCTS_DIR; };
		FE15A6702987F46E00F6920B /* AppDelegate.swift */ = {isa = PBXFileReference; lastKnownFileType = sourcecode.swift; path = AppDelegate.swift; sourceTree = "<group>"; };
		FE15A6722987F46E00F6920B /* SceneDelegate.swift */ = {isa = PBXFileReference; lastKnownFileType = sourcecode.swift; path = SceneDelegate.swift; sourceTree = "<group>"; };
		FE15A6742987F46E00F6920B /* ViewController.swift */ = {isa = PBXFileReference; lastKnownFileType = sourcecode.swift; path = ViewController.swift; sourceTree = "<group>"; };
		FE15A6772987F46E00F6920B /* Base */ = {isa = PBXFileReference; lastKnownFileType = file.storyboard; name = Base; path = Base.lproj/Main.storyboard; sourceTree = "<group>"; };
		FE15A67A2987F46E00F6920B /* Calculator_Swift.xcdatamodel */ = {isa = PBXFileReference; lastKnownFileType = wrapper.xcdatamodel; path = Calculator_Swift.xcdatamodel; sourceTree = "<group>"; };
		FE15A67C2987F46F00F6920B /* Assets.xcassets */ = {isa = PBXFileReference; lastKnownFileType = folder.assetcatalog; path = Assets.xcassets; sourceTree = "<group>"; };
		FE15A67F2987F46F00F6920B /* Base */ = {isa = PBXFileReference; lastKnownFileType = file.storyboard; name = Base; path = Base.lproj/LaunchScreen.storyboard; sourceTree = "<group>"; };
		FE15A6812987F46F00F6920B /* Info.plist */ = {isa = PBXFileReference; lastKnownFileType = text.plist.xml; path = Info.plist; sourceTree = "<group>"; };
/* End PBXFileReference section */

/* Begin PBXFrameworksBuildPhase section */
		FE15A66A2987F46E00F6920B /* Frameworks */ = {
			isa = PBXFrameworksBuildPhase;
			buildActionMask = 2147483647;
			files = (
			);
			runOnlyForDeploymentPostprocessing = 0;
		};
/* End PBXFrameworksBuildPhase section */

/* Begin PBXGroup section */
		FE15A6642987F46E00F6920B = {
			isa = PBXGroup;
			children = (
				FE15A66F2987F46E00F6920B /* Calculator Swift */,
				FE15A66E2987F46E00F6920B /* Products */,
			);
			sourceTree = "<group>";
		};
		FE15A66E2987F46E00F6920B /* Products */ = {
			isa = PBXGroup;
			children = (
				FE15A66D2987F46E00F6920B /* Calculator Swift.app */,
			);
			name = Products;
			sourceTree = "<group>";
		};
		FE15A66F2987F46E00F6920B /* Calculator Swift */ = {
			isa = PBXGroup;
			children = (
				FE15A6702987F46E00F6920B /* AppDelegate.swift */,
				FE15A6722987F46E00F6920B /* SceneDelegate.swift */,
				FE15A6742987F46E00F6920B /* ViewController.swift */,
				FE15A6762987F46E00F6920B /* Main.storyboard */,
				FE15A67C2987F46F00F6920B /* Assets.xcassets */,
				FE15A67E2987F46F00F6920B /* LaunchScreen.storyboard */,
				FE15A6812987F46F00F6920B /* Info.plist */,
				FE15A6792987F46E00F6920B /* Calculator_Swift.xcdatamodeld */,
			);
			path = "Calculator Swift";
			sourceTree = "<group>";
		};
/* End PBXGroup section */

/* Begin PBXNativeTarget section */
		FE15A66C2987F46E00F6920B /* Calculator Swift */ = {
			isa = PBXNativeTarget;
			buildConfigurationList = FE15A6842987F46F00F6920B /* Build configuration list for PBXNativeTarget "Calculator Swift" */;
			buildPhases = (
				FE15A6692987F46E00F6920B /* Sources */,
				FE15A66A2987F46E00F6920B /* Frameworks */,
				FE15A66B2987F46E00F6920B /* Resources */,
			);
			buildRules = (
			);
			dependencies = (
			);
			name = "Calculator Swift";
			productName = "Calculator Swift";
			productReference = FE15A66D2987F46E00F6920B /* Calculator Swift.app */;
			productType = "com.apple.product-type.application";
		};
/* End PBXNativeTarget section */

/* Begin PBXProject section */
		FE15A6652987F46E00F6920B /* Project object */ = {
			isa = PBXProject;
			attributes = {
				BuildIndependentTargetsInParallel = 1;
				LastSwiftUpdateCheck = 1420;
				LastUpgradeCheck = 1420;
				TargetAttributes = {
					FE15A66C2987F46E00F6920B = {
						CreatedOnToolsVersion = 14.2;
					};
				};
			};
			buildConfigurationList = FE15A6682987F46E00F6920B /* Build configuration list for PBXProject "Calculator Swift" */;
			compatibilityVersion = "Xcode 14.0";
			developmentRegion = en;
			hasScannedForEncodings = 0;
			knownRegions = (
				en,
				Base,
			);
			mainGroup = FE15A6642987F46E00F6920B;
			productRefGroup = FE15A66E2987F46E00F6920B /* Products */;
			projectDirPath = "";
			projectRoot = "";
			targets = (
				FE15A66C2987F46E00F6920B /* Calculator Swift */,
			);
		};
/* End PBXProject section */

/* Begin PBXResourcesBuildPhase section */
		FE15A66B2987F46E00F6920B /* Resources */ = {
			isa = PBXResourcesBuildPhase;
			buildActionMask = 2147483647;
			files = (
				FE15A6802987F46F00F6920B /* LaunchScreen.storyboard in Resources */,
				FE15A67D2987F46F00F6920B /* Assets.xcassets in Resources */,
				FE15A6782987F46E00F6920B /* Main.storyboard in Resources */,
			);
			runOnlyForDeploymentPostprocessing = 0;
		};
/* End PBXResourcesBuildPhase section */

/* Begin PBXSourcesBuildPhase section */
		FE15A6692987F46E00F6920B /* Sources */ = {
			isa = PBXSourcesBuildPhase;
			buildActionMask = 2147483647;
			files = (
				FE15A6752987F46E00F6920B /* ViewController.swift in Sources */,
				FE15A6712987F46E00F6920B /* AppDelegate.swift in Sources */,
				FE15A6732987F46E00F6920B /* SceneDelegate.swift in Sources */,
				FE15A67B2987F46E00F6920B /* Calculator_Swift.xcdatamodeld in Sources */,
			);
			runOnlyForDeploymentPostprocessing = 0;
		};
/* End PBXSourcesBuildPhase section */

/* Begin PBXVariantGroup section */
		FE15A6762987F46E00F6920B /* Main.storyboard */ = {
			isa = PBXVariantGroup;
			children = (
				FE15A6772987F46E00F6920B /* Base */,
			);
			name = Main.storyboard;
			sourceTree = "<group>";
		};
		FE15A67E2987F46F00F6920B /* LaunchScreen.storyboard */ = {
			isa = PBXVariantGroup;
			children = (
				FE15A67F2987F46F00F6920B /* Base */,
			);
			name = LaunchScreen.storyboard;
			sourceTree = "<group>";
		};
/* End PBXVariantGroup section */

/* Begin XCBuildConfiguration section */
		FE15A6822987F46F00F6920B /* Debug */ = {
			isa = XCBuildConfiguration;
			buildSettings = {
				ALWAYS_SEARCH_USER_PATHS = NO;
				CLANG_ANALYZER_NONNULL = YES;
				CLANG_ANALYZER_NUMBER_OBJECT_CONVERSION = YES_AGGRESSIVE;
				CLANG_CXX_LANGUAGE_STANDARD = "gnu++20";
				CLANG_ENABLE_MODULES = YES;
				CLANG_ENABLE_OBJC_ARC = YES;
				CLANG_ENABLE_OBJC_WEAK = YES;
				CLANG_WARN_BLOCK_CAPTURE_AUTORELEASING = YES;
				CLANG_WARN_BOOL_CONVERSION = YES;
				CLANG_WARN_COMMA = YES;
				CLANG_WARN_CONSTANT_CONVERSION = YES;
				CLANG_WARN_DEPRECATED_OBJC_IMPLEMENTATIONS = YES;
				CLANG_WARN_DIRECT_OBJC_ISA_USAGE = YES_ERROR;
				CLANG_WARN_DOCUMENTATION_COMMENTS = YES;
				CLANG_WARN_EMPTY_BODY = YES;
				CLANG_WARN_ENUM_CONVERSION = YES;
				CLANG_WARN_INFINITE_RECURSION = YES;
				CLANG_WARN_INT_CONVERSION = YES;
				CLANG_WARN_NON_LITERAL_NULL_CONVERSION = YES;
				CLANG_WARN_OBJC_IMPLICIT_RETAIN_SELF = YES;
				CLANG_WARN_OBJC_LITERAL_CONVERSION = YES;
				CLANG_WARN_OBJC_ROOT_CLASS = YES_ERROR;
				CLANG_WARN_QUOTED_INCLUDE_IN_FRAMEWORK_HEADER = YES;
				CLANG_WARN_RANGE_LOOP_ANALYSIS = YES;
				CLANG_WARN_STRICT_PROTOTYPES = YES;
				CLANG_WARN_SUSPICIOUS_MOVE = YES;
				CLANG_WARN_UNGUARDED_AVAILABILITY = YES_AGGRESSIVE;
				CLANG_WARN_UNREACHABLE_CODE = YES;
				CLANG_WARN__DUPLICATE_METHOD_MATCH = YES;
				COPY_PHASE_STRIP = NO;
				DEBUG_INFORMATION_FORMAT = dwarf;
				ENABLE_STRICT_OBJC_MSGSEND = YES;
				ENABLE_TESTABILITY = YES;
				GCC_C_LANGUAGE_STANDARD = gnu11;
				GCC_DYNAMIC_NO_PIC = NO;
				GCC_NO_COMMON_BLOCKS = YES;
				GCC_OPTIMIZATION_LEVEL = 0;
				GCC_PREPROCESSOR_DEFINITIONS = (
					"DEBUG=1",
					"$(inherited)",
				);
				GCC_WARN_64_TO_32_BIT_CONVERSION = YES;
				GCC_WARN_ABOUT_RETURN_TYPE = YES_ERROR;
				GCC_WARN_UNDECLARED_SELECTOR = YES;
				GCC_WARN_UNINITIALIZED_AUTOS = YES_AGGRESSIVE;
				GCC_WARN_UNUSED_FUNCTION = YES;
				GCC_WARN_UNUSED_VARIABLE = YES;
				IPHONEOS_DEPLOYMENT_TARGET = 16.2;
				MTL_ENABLE_DEBUG_INFO = INCLUDE_SOURCE;
				MTL_FAST_MATH = YES;
				ONLY_ACTIVE_ARCH = YES;
				SDKROOT = iphoneos;
				SWIFT_ACTIVE_COMPILATION_CONDITIONS = DEBUG;
				SWIFT_OPTIMIZATION_LEVEL = "-Onone";
			};
			name = Debug;
		};
		FE15A6832987F46F00F6920B /* Release */ = {
			isa = XCBuildConfiguration;
			buildSettings = {
				ALWAYS_SEARCH_USER_PATHS = NO;
				CLANG_ANALYZER_NONNULL = YES;
				CLANG_ANALYZER_NUMBER_OBJECT_CONVERSION = YES_AGGRESSIVE;
				CLANG_CXX_LANGUAGE_STANDARD = "gnu++20";
				CLANG_ENABLE_MODULES = YES;
				CLANG_ENABLE_OBJC_ARC = YES;
				CLANG_ENABLE_OBJC_WEAK = YES;
				CLANG_WARN_BLOCK_CAPTURE_AUTORELEASING = YES;
				CLANG_WARN_BOOL_CONVERSION = YES;
				CLANG_WARN_COMMA = YES;
				CLANG_WARN_CONSTANT_CONVERSION = YES;
				CLANG_WARN_DEPRECATED_OBJC_IMPLEMENTATIONS = YES;
				CLANG_WARN_DIRECT_OBJC_ISA_USAGE = YES_ERROR;
				CLANG_WARN_DOCUMENTATION_COMMENTS = YES;
				CLANG_WARN_EMPTY_BODY = YES;
				CLANG_WARN_ENUM_CONVERSION = YES;
				CLANG_WARN_INFINITE_RECURSION = YES;
				CLANG_WARN_INT_CONVERSION = YES;
				CLANG_WARN_NON_LITERAL_NULL_CONVERSION = YES;
				CLANG_WARN_OBJC_IMPLICIT_RETAIN_SELF = YES;
				CLANG_WARN_OBJC_LITERAL_CONVERSION = YES;
				CLANG_WARN_OBJC_ROOT_CLASS = YES_ERROR;
				CLANG_WARN_QUOTED_INCLUDE_IN_FRAMEWORK_HEADER = YES;
				CLANG_WARN_RANGE_LOOP_ANALYSIS = YES;
				CLANG_WARN_STRICT_PROTOTYPES = YES;
				CLANG_WARN_SUSPICIOUS_MOVE = YES;
				CLANG_WARN_UNGUARDED_AVAILABILITY = YES_AGGRESSIVE;
				CLANG_WARN_UNREACHABLE_CODE = YES;
				CLANG_WARN__DUPLICATE_METHOD_MATCH = YES;
				COPY_PHASE_STRIP = NO;
				DEBUG_INFORMATION_FORMAT = "dwarf-with-dsym";
				ENABLE_NS_ASSERTIONS = NO;
				ENABLE_STRICT_OBJC_MSGSEND = YES;
				GCC_C_LANGUAGE_STANDARD = gnu11;
				GCC_NO_COMMON_BLOCKS = YES;
				GCC_WARN_64_TO_32_BIT_CONVERSION = YES;
				GCC_WARN_ABOUT_RETURN_TYPE = YES_ERROR;
				GCC_WARN_UNDECLARED_SELECTOR = YES;
				GCC_WARN_UNINITIALIZED_AUTOS = YES_AGGRESSIVE;
				GCC_WARN_UNUSED_FUNCTION = YES;
				GCC_WARN_UNUSED_VARIABLE = YES;
				IPHONEOS_DEPLOYMENT_TARGET = 16.2;
				MTL_ENABLE_DEBUG_INFO = NO;
				MTL_FAST_MATH = YES;
				SDKROOT = iphoneos;
				SWIFT_COMPILATION_MODE = wholemodule;
				SWIFT_OPTIMIZATION_LEVEL = "-O";
				VALIDATE_PRODUCT = YES;
			};
			name = Release;
		};
		FE15A6852987F46F00F6920B /* Debug */ = {
			isa = XCBuildConfiguration;
			buildSettings = {
				ASSETCATALOG_COMPILER_APPICON_NAME = AppIcon;
				ASSETCATALOG_COMPILER_GLOBAL_ACCENT_COLOR_NAME = AccentColor;
				CODE_SIGN_STYLE = Automatic;
				CURRENT_PROJECT_VERSION = 1;
				DEVELOPMENT_TEAM = 3A2U2X4K87;
				GENERATE_INFOPLIST_FILE = YES;
				INFOPLIST_FILE = "Calculator Swift/Info.plist";
				INFOPLIST_KEY_UIApplicationSupportsIndirectInputEvents = YES;
				INFOPLIST_KEY_UILaunchStoryboardName = LaunchScreen;
				INFOPLIST_KEY_UIMainStoryboardFile = Main;
				INFOPLIST_KEY_UISupportedInterfaceOrientations_iPad = "UIInterfaceOrientationPortrait UIInterfaceOrientationPortraitUpsideDown UIInterfaceOrientationLandscapeLeft UIInterfaceOrientationLandscapeRight";
				INFOPLIST_KEY_UISupportedInterfaceOrientations_iPhone = "UIInterfaceOrientationPortrait UIInterfaceOrientationLandscapeLeft UIInterfaceOrientationLandscapeRight";
				LD_RUNPATH_SEARCH_PATHS = (
					"$(inherited)",
					"@executable_path/Frameworks",
				);
				MARKETING_VERSION = 1.0;
				PRODUCT_BUNDLE_IDENTIFIER = "com.Yedige.Calculator-Swift";
				PRODUCT_NAME = "$(TARGET_NAME)";
				SWIFT_EMIT_LOC_STRINGS = YES;
				SWIFT_VERSION = 5.0;
				TARGETED_DEVICE_FAMILY = "1,2";
			};
			name = Debug;
		};
		FE15A6862987F46F00F6920B /* Release */ = {
			isa = XCBuildConfiguration;
			buildSettings = {
				ASSETCATALOG_COMPILER_APPICON_NAME = AppIcon;
				ASSETCATALOG_COMPILER_GLOBAL_ACCENT_COLOR_NAME = AccentColor;
				CODE_SIGN_STYLE = Automatic;
				CURRENT_PROJECT_VERSION = 1;
				DEVELOPMENT_TEAM = 3A2U2X4K87;
				GENERATE_INFOPLIST_FILE = YES;
				INFOPLIST_FILE = "Calculator Swift/Info.plist";
				INFOPLIST_KEY_UIApplicationSupportsIndirectInputEvents = YES;
				INFOPLIST_KEY_UILaunchStoryboardName = LaunchScreen;
				INFOPLIST_KEY_UIMainStoryboardFile = Main;
				INFOPLIST_KEY_UISupportedInterfaceOrientations_iPad = "UIInterfaceOrientationPortrait UIInterfaceOrientationPortraitUpsideDown UIInterfaceOrientationLandscapeLeft UIInterfaceOrientationLandscapeRight";
				INFOPLIST_KEY_UISupportedInterfaceOrientations_iPhone = "UIInterfaceOrientationPortrait UIInterfaceOrientationLandscapeLeft UIInterfaceOrientationLandscapeRight";
				LD_RUNPATH_SEARCH_PATHS = (
					"$(inherited)",
					"@executable_path/Frameworks",
				);
				MARKETING_VERSION = 1.0;
				PRODUCT_BUNDLE_IDENTIFIER = "com.Yedige.Calculator-Swift";
				PRODUCT_NAME = "$(TARGET_NAME)";
				SWIFT_EMIT_LOC_STRINGS = YES;
				SWIFT_VERSION = 5.0;
				TARGETED_DEVICE_FAMILY = "1,2";
			};
			name = Release;
		};
/* End XCBuildConfiguration section */

/* Begin XCConfigurationList section */
		FE15A6682987F46E00F6920B /* Build configuration list for PBXProject "Calculator Swift" */ = {
			isa = XCConfigurationList;
			buildConfigurations = (
				FE15A6822987F46F00F6920B /* Debug */,
				FE15A6832987F46F00F6920B /* Release */,
			);
			defaultConfigurationIsVisible = 0;
			defaultConfigurationName = Release;
		};
		FE15A6842987F46F00F6920B /* Build configuration list for PBXNativeTarget "Calculator Swift" */ = {
			isa = XCConfigurationList;
			buildConfigurations = (
				FE15A6852987F46F00F6920B /* Debug */,
				FE15A6862987F46F00F6920B /* Release */,
			);
			defaultConfigurationIsVisible = 0;
			defaultConfigurationName = Release;
		};
/* End XCConfigurationList section */

/* Begin XCVersionGroup section */
		FE15A6792987F46E00F6920B /* Calculator_Swift.xcdatamodeld */ = {
			isa = XCVersionGroup;
			children = (
				FE15A67A2987F46E00F6920B /* Calculator_Swift.xcdatamodel */,
			);
			currentVersion = FE15A67A2987F46E00F6920B /* Calculator_Swift.xcdatamodel */;
			path = Calculator_Swift.xcdatamodeld;
			sourceTree = "<group>";
			versionGroupType = wrapper.xcdatamodel;
		};
/* End XCVersionGroup section */
	};
	rootObject = FE15A6652987F46E00F6920B /* Project object */;
}
